// !$*UTF8*$!
{
	archiveVersion = 1;
	classes = {
	};
	objectVersion = 55;
	objects = {

/* Begin PBXBuildFile section */
		39327F202A91F4D10067F9ED /* AppDelegate.swift in Sources */ = {isa = PBXBuildFile; fileRef = 39327F1F2A91F4D10067F9ED /* AppDelegate.swift */; };
		39327F222A91F4D10067F9ED /* SceneDelegate.swift in Sources */ = {isa = PBXBuildFile; fileRef = 39327F212A91F4D10067F9ED /* SceneDelegate.swift */; };
		39327F242A91F4D10067F9ED /* WeatherMainlViewController.swift in Sources */ = {isa = PBXBuildFile; fileRef = 39327F232A91F4D10067F9ED /* WeatherMainlViewController.swift */; };
		39327F292A91F4D50067F9ED /* Assets.xcassets in Resources */ = {isa = PBXBuildFile; fileRef = 39327F282A91F4D50067F9ED /* Assets.xcassets */; };
		39327F2C2A91F4D50067F9ED /* LaunchScreen.storyboard in Resources */ = {isa = PBXBuildFile; fileRef = 39327F2A2A91F4D50067F9ED /* LaunchScreen.storyboard */; };
		39327F342A91FCE20067F9ED /* CityListTableViewController.swift in Sources */ = {isa = PBXBuildFile; fileRef = 39327F332A91FCE20067F9ED /* CityListTableViewController.swift */; };
		39327F382A92056F0067F9ED /* ViewModel.swift in Sources */ = {isa = PBXBuildFile; fileRef = 39327F372A92056F0067F9ED /* ViewModel.swift */; };
		39327F3A2A920C8F0067F9ED /* NetworkServiceManager.swift in Sources */ = {isa = PBXBuildFile; fileRef = 39327F392A920C8F0067F9ED /* NetworkServiceManager.swift */; };
		3951BEE82A963F7600CDF3F9 /* TableViewCell.swift in Sources */ = {isa = PBXBuildFile; fileRef = 3951BEE72A963F7600CDF3F9 /* TableViewCell.swift */; };
		3951BEEA2A9E39BA00CDF3F9 /* WeatherServices.swift in Sources */ = {isa = PBXBuildFile; fileRef = 3951BEE92A9E39BA00CDF3F9 /* WeatherServices.swift */; };
/* End PBXBuildFile section */

/* Begin PBXFileReference section */
		39327F1C2A91F4D10067F9ED /* Weather_MVVM_Aston.app */ = {isa = PBXFileReference; explicitFileType = wrapper.application; includeInIndex = 0; path = Weather_MVVM_Aston.app; sourceTree = BUILT_PRODUCTS_DIR; };
		39327F1F2A91F4D10067F9ED /* AppDelegate.swift */ = {isa = PBXFileReference; lastKnownFileType = sourcecode.swift; path = AppDelegate.swift; sourceTree = "<group>"; };
		39327F212A91F4D10067F9ED /* SceneDelegate.swift */ = {isa = PBXFileReference; lastKnownFileType = sourcecode.swift; path = SceneDelegate.swift; sourceTree = "<group>"; };
		39327F232A91F4D10067F9ED /* WeatherMainlViewController.swift */ = {isa = PBXFileReference; lastKnownFileType = sourcecode.swift; path = WeatherMainlViewController.swift; sourceTree = "<group>"; };
		39327F282A91F4D50067F9ED /* Assets.xcassets */ = {isa = PBXFileReference; lastKnownFileType = folder.assetcatalog; path = Assets.xcassets; sourceTree = "<group>"; };
		39327F2B2A91F4D50067F9ED /* Base */ = {isa = PBXFileReference; lastKnownFileType = file.storyboard; name = Base; path = Base.lproj/LaunchScreen.storyboard; sourceTree = "<group>"; };
		39327F2D2A91F4D50067F9ED /* Info.plist */ = {isa = PBXFileReference; lastKnownFileType = text.plist.xml; path = Info.plist; sourceTree = "<group>"; };
		39327F332A91FCE20067F9ED /* CityListTableViewController.swift */ = {isa = PBXFileReference; lastKnownFileType = sourcecode.swift; path = CityListTableViewController.swift; sourceTree = "<group>"; };
		39327F372A92056F0067F9ED /* ViewModel.swift */ = {isa = PBXFileReference; lastKnownFileType = sourcecode.swift; path = ViewModel.swift; sourceTree = "<group>"; };
		39327F392A920C8F0067F9ED /* NetworkServiceManager.swift */ = {isa = PBXFileReference; lastKnownFileType = sourcecode.swift; path = NetworkServiceManager.swift; sourceTree = "<group>"; };
		3951BEE72A963F7600CDF3F9 /* TableViewCell.swift */ = {isa = PBXFileReference; lastKnownFileType = sourcecode.swift; path = TableViewCell.swift; sourceTree = "<group>"; };
		3951BEE92A9E39BA00CDF3F9 /* WeatherServices.swift */ = {isa = PBXFileReference; lastKnownFileType = sourcecode.swift; path = WeatherServices.swift; sourceTree = "<group>"; };
/* End PBXFileReference section */

/* Begin PBXFrameworksBuildPhase section */
		39327F192A91F4D10067F9ED /* Frameworks */ = {
			isa = PBXFrameworksBuildPhase;
			buildActionMask = 2147483647;
			files = (
			);
			runOnlyForDeploymentPostprocessing = 0;
		};
/* End PBXFrameworksBuildPhase section */

/* Begin PBXGroup section */
		39327F132A91F4D10067F9ED = {
			isa = PBXGroup;
			children = (
				39327F1E2A91F4D10067F9ED /* Weather_MVVM_Aston */,
				39327F1D2A91F4D10067F9ED /* Products */,
			);
			sourceTree = "<group>";
		};
		39327F1D2A91F4D10067F9ED /* Products */ = {
			isa = PBXGroup;
			children = (
				39327F1C2A91F4D10067F9ED /* Weather_MVVM_Aston.app */,
			);
			name = Products;
			sourceTree = "<group>";
		};
		39327F1E2A91F4D10067F9ED /* Weather_MVVM_Aston */ = {
			isa = PBXGroup;
			children = (
				3951BEE32A962C1F00CDF3F9 /* Main Module */,
				3951BEE42A962CC500CDF3F9 /* Resources */,
				39327F2D2A91F4D50067F9ED /* Info.plist */,
			);
			path = Weather_MVVM_Aston;
			sourceTree = "<group>";
		};
		3951BEE32A962C1F00CDF3F9 /* Main Module */ = {
			isa = PBXGroup;
			children = (
				3951BEE62A962D3C00CDF3F9 /* Views */,
				3951BEEE2A9F74EE00CDF3F9 /* Cells */,
				3951BEED2A9F738400CDF3F9 /* Services */,
				3951BEE52A962D0E00CDF3F9 /* Model */,
			);
			path = "Main Module";
			sourceTree = "<group>";
		};
		3951BEE42A962CC500CDF3F9 /* Resources */ = {
			isa = PBXGroup;
			children = (
				39327F2A2A91F4D50067F9ED /* LaunchScreen.storyboard */,
				39327F282A91F4D50067F9ED /* Assets.xcassets */,
				39327F1F2A91F4D10067F9ED /* AppDelegate.swift */,
				39327F212A91F4D10067F9ED /* SceneDelegate.swift */,
			);
			path = Resources;
			sourceTree = "<group>";
		};
		3951BEE52A962D0E00CDF3F9 /* Model */ = {
			isa = PBXGroup;
			children = (
				39327F372A92056F0067F9ED /* ViewModel.swift */,
			);
			path = Model;
			sourceTree = "<group>";
		};
		3951BEE62A962D3C00CDF3F9 /* Views */ = {
			isa = PBXGroup;
			children = (
				39327F232A91F4D10067F9ED /* WeatherMainlViewController.swift */,
				39327F332A91FCE20067F9ED /* CityListTableViewController.swift */,
			);
			path = Views;
			sourceTree = "<group>";
		};
		3951BEED2A9F738400CDF3F9 /* Services */ = {
			isa = PBXGroup;
			children = (
				39327F392A920C8F0067F9ED /* NetworkServiceManager.swift */,
				3951BEE92A9E39BA00CDF3F9 /* WeatherServices.swift */,
			);
			path = Services;
			sourceTree = "<group>";
		};
		3951BEEE2A9F74EE00CDF3F9 /* Cells */ = {
			isa = PBXGroup;
			children = (
				3951BEE72A963F7600CDF3F9 /* TableViewCell.swift */,
			);
			path = Cells;
			sourceTree = "<group>";
		};
/* End PBXGroup section */

/* Begin PBXNativeTarget section */
		39327F1B2A91F4D10067F9ED /* Weather_MVVM_Aston */ = {
			isa = PBXNativeTarget;
			buildConfigurationList = 39327F302A91F4D50067F9ED /* Build configuration list for PBXNativeTarget "Weather_MVVM_Aston" */;
			buildPhases = (
				39327F182A91F4D10067F9ED /* Sources */,
				39327F192A91F4D10067F9ED /* Frameworks */,
				39327F1A2A91F4D10067F9ED /* Resources */,
			);
			buildRules = (
			);
			dependencies = (
			);
			name = Weather_MVVM_Aston;
			productName = Weather_MVVM_Aston;
			productReference = 39327F1C2A91F4D10067F9ED /* Weather_MVVM_Aston.app */;
			productType = "com.apple.product-type.application";
		};
/* End PBXNativeTarget section */

/* Begin PBXProject section */
		39327F142A91F4D10067F9ED /* Project object */ = {
			isa = PBXProject;
			attributes = {
				BuildIndependentTargetsInParallel = 1;
				LastSwiftUpdateCheck = 1320;
				LastUpgradeCheck = 1320;
				TargetAttributes = {
					39327F1B2A91F4D10067F9ED = {
						CreatedOnToolsVersion = 13.2.1;
					};
				};
			};
			buildConfigurationList = 39327F172A91F4D10067F9ED /* Build configuration list for PBXProject "Weather_MVVM_Aston" */;
			compatibilityVersion = "Xcode 13.0";
			developmentRegion = en;
			hasScannedForEncodings = 0;
			knownRegions = (
				en,
				Base,
			);
			mainGroup = 39327F132A91F4D10067F9ED;
			productRefGroup = 39327F1D2A91F4D10067F9ED /* Products */;
			projectDirPath = "";
			projectRoot = "";
			targets = (
				39327F1B2A91F4D10067F9ED /* Weather_MVVM_Aston */,
			);
		};
/* End PBXProject section */

/* Begin PBXResourcesBuildPhase section */
		39327F1A2A91F4D10067F9ED /* Resources */ = {
			isa = PBXResourcesBuildPhase;
			buildActionMask = 2147483647;
			files = (
				39327F2C2A91F4D50067F9ED /* LaunchScreen.storyboard in Resources */,
				39327F292A91F4D50067F9ED /* Assets.xcassets in Resources */,
			);
			runOnlyForDeploymentPostprocessing = 0;
		};
/* End PBXResourcesBuildPhase section */

/* Begin PBXSourcesBuildPhase section */
		39327F182A91F4D10067F9ED /* Sources */ = {
			isa = PBXSourcesBuildPhase;
			buildActionMask = 2147483647;
			files = (
				39327F3A2A920C8F0067F9ED /* NetworkServiceManager.swift in Sources */,
				3951BEE82A963F7600CDF3F9 /* TableViewCell.swift in Sources */,
				39327F242A91F4D10067F9ED /* WeatherMainlViewController.swift in Sources */,
				39327F202A91F4D10067F9ED /* AppDelegate.swift in Sources */,
				3951BEEA2A9E39BA00CDF3F9 /* WeatherServices.swift in Sources */,
				39327F222A91F4D10067F9ED /* SceneDelegate.swift in Sources */,
				39327F382A92056F0067F9ED /* ViewModel.swift in Sources */,
				39327F342A91FCE20067F9ED /* CityListTableViewController.swift in Sources */,
			);
			runOnlyForDeploymentPostprocessing = 0;
		};
/* End PBXSourcesBuildPhase section */

/* Begin PBXVariantGroup section */
		39327F2A2A91F4D50067F9ED /* LaunchScreen.storyboard */ = {
			isa = PBXVariantGroup;
			children = (
				39327F2B2A91F4D50067F9ED /* Base */,
			);
			name = LaunchScreen.storyboard;
			sourceTree = "<group>";
		};
/* End PBXVariantGroup section */

/* Begin XCBuildConfiguration section */
		39327F2E2A91F4D50067F9ED /* Debug */ = {
			isa = XCBuildConfiguration;
			buildSettings = {
				ALWAYS_SEARCH_USER_PATHS = NO;
				CLANG_ANALYZER_NONNULL = YES;
				CLANG_ANALYZER_NUMBER_OBJECT_CONVERSION = YES_AGGRESSIVE;
				CLANG_CXX_LANGUAGE_STANDARD = "gnu++17";
				CLANG_CXX_LIBRARY = "libc++";
				CLANG_ENABLE_MODULES = YES;
				CLANG_ENABLE_OBJC_ARC = YES;
				CLANG_ENABLE_OBJC_WEAK = YES;
				CLANG_WARN_BLOCK_CAPTURE_AUTORELEASING = YES;
				CLANG_WARN_BOOL_CONVERSION = YES;
				CLANG_WARN_COMMA = YES;
				CLANG_WARN_CONSTANT_CONVERSION = YES;
				CLANG_WARN_DEPRECATED_OBJC_IMPLEMENTATIONS = YES;
				CLANG_WARN_DIRECT_OBJC_ISA_USAGE = YES_ERROR;
				CLANG_WARN_DOCUMENTATION_COMMENTS = YES;
				CLANG_WARN_EMPTY_BODY = YES;
				CLANG_WARN_ENUM_CONVERSION = YES;
				CLANG_WARN_INFINITE_RECURSION = YES;
				CLANG_WARN_INT_CONVERSION = YES;
				CLANG_WARN_NON_LITERAL_NULL_CONVERSION = YES;
				CLANG_WARN_OBJC_IMPLICIT_RETAIN_SELF = YES;
				CLANG_WARN_OBJC_LITERAL_CONVERSION = YES;
				CLANG_WARN_OBJC_ROOT_CLASS = YES_ERROR;
				CLANG_WARN_QUOTED_INCLUDE_IN_FRAMEWORK_HEADER = YES;
				CLANG_WARN_RANGE_LOOP_ANALYSIS = YES;
				CLANG_WARN_STRICT_PROTOTYPES = YES;
				CLANG_WARN_SUSPICIOUS_MOVE = YES;
				CLANG_WARN_UNGUARDED_AVAILABILITY = YES_AGGRESSIVE;
				CLANG_WARN_UNREACHABLE_CODE = YES;
				CLANG_WARN__DUPLICATE_METHOD_MATCH = YES;
				COPY_PHASE_STRIP = NO;
				DEBUG_INFORMATION_FORMAT = dwarf;
				ENABLE_STRICT_OBJC_MSGSEND = YES;
				ENABLE_TESTABILITY = YES;
				GCC_C_LANGUAGE_STANDARD = gnu11;
				GCC_DYNAMIC_NO_PIC = NO;
				GCC_NO_COMMON_BLOCKS = YES;
				GCC_OPTIMIZATION_LEVEL = 0;
				GCC_PREPROCESSOR_DEFINITIONS = (
					"DEBUG=1",
					"$(inherited)",
				);
				GCC_WARN_64_TO_32_BIT_CONVERSION = YES;
				GCC_WARN_ABOUT_RETURN_TYPE = YES_ERROR;
				GCC_WARN_UNDECLARED_SELECTOR = YES;
				GCC_WARN_UNINITIALIZED_AUTOS = YES_AGGRESSIVE;
				GCC_WARN_UNUSED_FUNCTION = YES;
				GCC_WARN_UNUSED_VARIABLE = YES;
				IPHONEOS_DEPLOYMENT_TARGET = 15.2;
				MTL_ENABLE_DEBUG_INFO = INCLUDE_SOURCE;
				MTL_FAST_MATH = YES;
				ONLY_ACTIVE_ARCH = YES;
				SDKROOT = iphoneos;
				SWIFT_ACTIVE_COMPILATION_CONDITIONS = DEBUG;
				SWIFT_OPTIMIZATION_LEVEL = "-Onone";
			};
			name = Debug;
		};
		39327F2F2A91F4D50067F9ED /* Release */ = {
			isa = XCBuildConfiguration;
			buildSettings = {
				ALWAYS_SEARCH_USER_PATHS = NO;
				CLANG_ANALYZER_NONNULL = YES;
				CLANG_ANALYZER_NUMBER_OBJECT_CONVERSION = YES_AGGRESSIVE;
				CLANG_CXX_LANGUAGE_STANDARD = "gnu++17";
				CLANG_CXX_LIBRARY = "libc++";
				CLANG_ENABLE_MODULES = YES;
				CLANG_ENABLE_OBJC_ARC = YES;
				CLANG_ENABLE_OBJC_WEAK = YES;
				CLANG_WARN_BLOCK_CAPTURE_AUTORELEASING = YES;
				CLANG_WARN_BOOL_CONVERSION = YES;
				CLANG_WARN_COMMA = YES;
				CLANG_WARN_CONSTANT_CONVERSION = YES;
				CLANG_WARN_DEPRECATED_OBJC_IMPLEMENTATIONS = YES;
				CLANG_WARN_DIRECT_OBJC_ISA_USAGE = YES_ERROR;
				CLANG_WARN_DOCUMENTATION_COMMENTS = YES;
				CLANG_WARN_EMPTY_BODY = YES;
				CLANG_WARN_ENUM_CONVERSION = YES;
				CLANG_WARN_INFINITE_RECURSION = YES;
				CLANG_WARN_INT_CONVERSION = YES;
				CLANG_WARN_NON_LITERAL_NULL_CONVERSION = YES;
				CLANG_WARN_OBJC_IMPLICIT_RETAIN_SELF = YES;
				CLANG_WARN_OBJC_LITERAL_CONVERSION = YES;
				CLANG_WARN_OBJC_ROOT_CLASS = YES_ERROR;
				CLANG_WARN_QUOTED_INCLUDE_IN_FRAMEWORK_HEADER = YES;
				CLANG_WARN_RANGE_LOOP_ANALYSIS = YES;
				CLANG_WARN_STRICT_PROTOTYPES = YES;
				CLANG_WARN_SUSPICIOUS_MOVE = YES;
				CLANG_WARN_UNGUARDED_AVAILABILITY = YES_AGGRESSIVE;
				CLANG_WARN_UNREACHABLE_CODE = YES;
				CLANG_WARN__DUPLICATE_METHOD_MATCH = YES;
				COPY_PHASE_STRIP = NO;
				DEBUG_INFORMATION_FORMAT = "dwarf-with-dsym";
				ENABLE_NS_ASSERTIONS = NO;
				ENABLE_STRICT_OBJC_MSGSEND = YES;
				GCC_C_LANGUAGE_STANDARD = gnu11;
				GCC_NO_COMMON_BLOCKS = YES;
				GCC_WARN_64_TO_32_BIT_CONVERSION = YES;
				GCC_WARN_ABOUT_RETURN_TYPE = YES_ERROR;
				GCC_WARN_UNDECLARED_SELECTOR = YES;
				GCC_WARN_UNINITIALIZED_AUTOS = YES_AGGRESSIVE;
				GCC_WARN_UNUSED_FUNCTION = YES;
				GCC_WARN_UNUSED_VARIABLE = YES;
				IPHONEOS_DEPLOYMENT_TARGET = 15.2;
				MTL_ENABLE_DEBUG_INFO = NO;
				MTL_FAST_MATH = YES;
				SDKROOT = iphoneos;
				SWIFT_COMPILATION_MODE = wholemodule;
				SWIFT_OPTIMIZATION_LEVEL = "-O";
				VALIDATE_PRODUCT = YES;
			};
			name = Release;
		};
		39327F312A91F4D50067F9ED /* Debug */ = {
			isa = XCBuildConfiguration;
			buildSettings = {
				ASSETCATALOG_COMPILER_APPICON_NAME = AppIcon;
				ASSETCATALOG_COMPILER_GLOBAL_ACCENT_COLOR_NAME = AccentColor;
				CODE_SIGN_STYLE = Automatic;
				CURRENT_PROJECT_VERSION = 1;
				DEVELOPMENT_TEAM = A9J4WDMWF3;
				GENERATE_INFOPLIST_FILE = YES;
				INFOPLIST_FILE = Weather_MVVM_Aston/Info.plist;
				INFOPLIST_KEY_UIApplicationSupportsIndirectInputEvents = YES;
				INFOPLIST_KEY_UILaunchStoryboardName = LaunchScreen;
				INFOPLIST_KEY_UISupportedInterfaceOrientations_iPad = "UIInterfaceOrientationPortrait UIInterfaceOrientationPortraitUpsideDown UIInterfaceOrientationLandscapeLeft UIInterfaceOrientationLandscapeRight";
				INFOPLIST_KEY_UISupportedInterfaceOrientations_iPhone = "UIInterfaceOrientationPortrait UIInterfaceOrientationLandscapeLeft UIInterfaceOrientationLandscapeRight";
				LD_RUNPATH_SEARCH_PATHS = (
					"$(inherited)",
					"@executable_path/Frameworks",
				);
				MARKETING_VERSION = 1.0;
				PRODUCT_BUNDLE_IDENTIFIER = "bulatKamalov.Weather-MVVM-Aston";
				PRODUCT_NAME = "$(TARGET_NAME)";
				SWIFT_EMIT_LOC_STRINGS = YES;
				SWIFT_VERSION = 5.0;
				TARGETED_DEVICE_FAMILY = "1,2";
			};
			name = Debug;
		};
		39327F322A91F4D50067F9ED /* Release */ = {
			isa = XCBuildConfiguration;
			buildSettings = {
				ASSETCATALOG_COMPILER_APPICON_NAME = AppIcon;
				ASSETCATALOG_COMPILER_GLOBAL_ACCENT_COLOR_NAME = AccentColor;
				CODE_SIGN_STYLE = Automatic;
				CURRENT_PROJECT_VERSION = 1;
				DEVELOPMENT_TEAM = A9J4WDMWF3;
				GENERATE_INFOPLIST_FILE = YES;
				INFOPLIST_FILE = Weather_MVVM_Aston/Info.plist;
				INFOPLIST_KEY_UIApplicationSupportsIndirectInputEvents = YES;
				INFOPLIST_KEY_UILaunchStoryboardName = LaunchScreen;
				INFOPLIST_KEY_UISupportedInterfaceOrientations_iPad = "UIInterfaceOrientationPortrait UIInterfaceOrientationPortraitUpsideDown UIInterfaceOrientationLandscapeLeft UIInterfaceOrientationLandscapeRight";
				INFOPLIST_KEY_UISupportedInterfaceOrientations_iPhone = "UIInterfaceOrientationPortrait UIInterfaceOrientationLandscapeLeft UIInterfaceOrientationLandscapeRight";
				LD_RUNPATH_SEARCH_PATHS = (
					"$(inherited)",
					"@executable_path/Frameworks",
				);
				MARKETING_VERSION = 1.0;
				PRODUCT_BUNDLE_IDENTIFIER = "bulatKamalov.Weather-MVVM-Aston";
				PRODUCT_NAME = "$(TARGET_NAME)";
				SWIFT_EMIT_LOC_STRINGS = YES;
				SWIFT_VERSION = 5.0;
				TARGETED_DEVICE_FAMILY = "1,2";
			};
			name = Release;
		};
/* End XCBuildConfiguration section */

/* Begin XCConfigurationList section */
		39327F172A91F4D10067F9ED /* Build configuration list for PBXProject "Weather_MVVM_Aston" */ = {
			isa = XCConfigurationList;
			buildConfigurations = (
				39327F2E2A91F4D50067F9ED /* Debug */,
				39327F2F2A91F4D50067F9ED /* Release */,
			);
			defaultConfigurationIsVisible = 0;
			defaultConfigurationName = Release;
		};
		39327F302A91F4D50067F9ED /* Build configuration list for PBXNativeTarget "Weather_MVVM_Aston" */ = {
			isa = XCConfigurationList;
			buildConfigurations = (
				39327F312A91F4D50067F9ED /* Debug */,
				39327F322A91F4D50067F9ED /* Release */,
			);
			defaultConfigurationIsVisible = 0;
			defaultConfigurationName = Release;
		};
/* End XCConfigurationList section */
	};
	rootObject = 39327F142A91F4D10067F9ED /* Project object */;
}
